// !$*UTF8*$!
{
	archiveVersion = 1;
	classes = {
	};
	objectVersion = 56;
	objects = {

/* Begin PBXBuildFile section */
		ED4DF3CE2ADDAD630060908C /* data_collectorApp.swift in Sources */ = {isa = PBXBuildFile; fileRef = ED4DF3CD2ADDAD630060908C /* data_collectorApp.swift */; };
		ED4DF3D02ADDAD630060908C /* ContentView.swift in Sources */ = {isa = PBXBuildFile; fileRef = ED4DF3CF2ADDAD630060908C /* ContentView.swift */; };
		ED4DF3D22ADDAD660060908C /* Assets.xcassets in Resources */ = {isa = PBXBuildFile; fileRef = ED4DF3D12ADDAD660060908C /* Assets.xcassets */; };
		ED4DF3D52ADDAD660060908C /* Preview Assets.xcassets in Resources */ = {isa = PBXBuildFile; fileRef = ED4DF3D42ADDAD660060908C /* Preview Assets.xcassets */; };
		ED4DF3DF2ADDAD660060908C /* data_collectorTests.swift in Sources */ = {isa = PBXBuildFile; fileRef = ED4DF3DE2ADDAD660060908C /* data_collectorTests.swift */; };
		ED4DF3E92ADDAD670060908C /* data_collectorUITests.swift in Sources */ = {isa = PBXBuildFile; fileRef = ED4DF3E82ADDAD670060908C /* data_collectorUITests.swift */; };
		ED4DF3EB2ADDAD670060908C /* data_collectorUITestsLaunchTests.swift in Sources */ = {isa = PBXBuildFile; fileRef = ED4DF3EA2ADDAD670060908C /* data_collectorUITestsLaunchTests.swift */; };
		ED4DF3F82ADDB0E70060908C /* LocationManager.swift in Sources */ = {isa = PBXBuildFile; fileRef = ED4DF3F72ADDB0E70060908C /* LocationManager.swift */; };
/* End PBXBuildFile section */

/* Begin PBXContainerItemProxy section */
		ED4DF3DB2ADDAD660060908C /* PBXContainerItemProxy */ = {
			isa = PBXContainerItemProxy;
			containerPortal = ED4DF3C22ADDAD630060908C /* Project object */;
			proxyType = 1;
			remoteGlobalIDString = ED4DF3C92ADDAD630060908C;
			remoteInfo = data_collector;
		};
		ED4DF3E52ADDAD670060908C /* PBXContainerItemProxy */ = {
			isa = PBXContainerItemProxy;
			containerPortal = ED4DF3C22ADDAD630060908C /* Project object */;
			proxyType = 1;
			remoteGlobalIDString = ED4DF3C92ADDAD630060908C;
			remoteInfo = data_collector;
		};
/* End PBXContainerItemProxy section */

/* Begin PBXFileReference section */
		ED4DF3CA2ADDAD630060908C /* data_collector.app */ = {isa = PBXFileReference; explicitFileType = wrapper.application; includeInIndex = 0; path = data_collector.app; sourceTree = BUILT_PRODUCTS_DIR; };
		ED4DF3CD2ADDAD630060908C /* data_collectorApp.swift */ = {isa = PBXFileReference; lastKnownFileType = sourcecode.swift; path = data_collectorApp.swift; sourceTree = "<group>"; };
		ED4DF3CF2ADDAD630060908C /* ContentView.swift */ = {isa = PBXFileReference; lastKnownFileType = sourcecode.swift; path = ContentView.swift; sourceTree = "<group>"; };
		ED4DF3D12ADDAD660060908C /* Assets.xcassets */ = {isa = PBXFileReference; lastKnownFileType = folder.assetcatalog; path = Assets.xcassets; sourceTree = "<group>"; };
		ED4DF3D42ADDAD660060908C /* Preview Assets.xcassets */ = {isa = PBXFileReference; lastKnownFileType = folder.assetcatalog; path = "Preview Assets.xcassets"; sourceTree = "<group>"; };
		ED4DF3DA2ADDAD660060908C /* data_collectorTests.xctest */ = {isa = PBXFileReference; explicitFileType = wrapper.cfbundle; includeInIndex = 0; path = data_collectorTests.xctest; sourceTree = BUILT_PRODUCTS_DIR; };
		ED4DF3DE2ADDAD660060908C /* data_collectorTests.swift */ = {isa = PBXFileReference; lastKnownFileType = sourcecode.swift; path = data_collectorTests.swift; sourceTree = "<group>"; };
		ED4DF3E42ADDAD670060908C /* data_collectorUITests.xctest */ = {isa = PBXFileReference; explicitFileType = wrapper.cfbundle; includeInIndex = 0; path = data_collectorUITests.xctest; sourceTree = BUILT_PRODUCTS_DIR; };
		ED4DF3E82ADDAD670060908C /* data_collectorUITests.swift */ = {isa = PBXFileReference; lastKnownFileType = sourcecode.swift; path = data_collectorUITests.swift; sourceTree = "<group>"; };
		ED4DF3EA2ADDAD670060908C /* data_collectorUITestsLaunchTests.swift */ = {isa = PBXFileReference; lastKnownFileType = sourcecode.swift; path = data_collectorUITestsLaunchTests.swift; sourceTree = "<group>"; };
		ED4DF3F72ADDB0E70060908C /* LocationManager.swift */ = {isa = PBXFileReference; lastKnownFileType = sourcecode.swift; path = LocationManager.swift; sourceTree = "<group>"; };
/* End PBXFileReference section */

/* Begin PBXFrameworksBuildPhase section */
		ED4DF3C72ADDAD630060908C /* Frameworks */ = {
			isa = PBXFrameworksBuildPhase;
			buildActionMask = 2147483647;
			files = (
			);
			runOnlyForDeploymentPostprocessing = 0;
		};
		ED4DF3D72ADDAD660060908C /* Frameworks */ = {
			isa = PBXFrameworksBuildPhase;
			buildActionMask = 2147483647;
			files = (
			);
			runOnlyForDeploymentPostprocessing = 0;
		};
		ED4DF3E12ADDAD670060908C /* Frameworks */ = {
			isa = PBXFrameworksBuildPhase;
			buildActionMask = 2147483647;
			files = (
			);
			runOnlyForDeploymentPostprocessing = 0;
		};
/* End PBXFrameworksBuildPhase section */

/* Begin PBXGroup section */
		ED4DF3C12ADDAD630060908C = {
			isa = PBXGroup;
			children = (
				ED4DF3CC2ADDAD630060908C /* data_collector */,
				ED4DF3DD2ADDAD660060908C /* data_collectorTests */,
				ED4DF3E72ADDAD670060908C /* data_collectorUITests */,
				ED4DF3CB2ADDAD630060908C /* Products */,
			);
			sourceTree = "<group>";
		};
		ED4DF3CB2ADDAD630060908C /* Products */ = {
			isa = PBXGroup;
			children = (
				ED4DF3CA2ADDAD630060908C /* data_collector.app */,
				ED4DF3DA2ADDAD660060908C /* data_collectorTests.xctest */,
				ED4DF3E42ADDAD670060908C /* data_collectorUITests.xctest */,
			);
			name = Products;
			sourceTree = "<group>";
		};
		ED4DF3CC2ADDAD630060908C /* data_collector */ = {
			isa = PBXGroup;
			children = (
				ED4DF3CD2ADDAD630060908C /* data_collectorApp.swift */,
				ED4DF3CF2ADDAD630060908C /* ContentView.swift */,
				ED4DF3D12ADDAD660060908C /* Assets.xcassets */,
				ED4DF3D32ADDAD660060908C /* Preview Content */,
				ED4DF3F72ADDB0E70060908C /* LocationManager.swift */,
			);
			path = data_collector;
			sourceTree = "<group>";
		};
		ED4DF3D32ADDAD660060908C /* Preview Content */ = {
			isa = PBXGroup;
			children = (
				ED4DF3D42ADDAD660060908C /* Preview Assets.xcassets */,
			);
			path = "Preview Content";
			sourceTree = "<group>";
		};
		ED4DF3DD2ADDAD660060908C /* data_collectorTests */ = {
			isa = PBXGroup;
			children = (
				ED4DF3DE2ADDAD660060908C /* data_collectorTests.swift */,
			);
			path = data_collectorTests;
			sourceTree = "<group>";
		};
		ED4DF3E72ADDAD670060908C /* data_collectorUITests */ = {
			isa = PBXGroup;
			children = (
				ED4DF3E82ADDAD670060908C /* data_collectorUITests.swift */,
				ED4DF3EA2ADDAD670060908C /* data_collectorUITestsLaunchTests.swift */,
			);
			path = data_collectorUITests;
			sourceTree = "<group>";
		};
/* End PBXGroup section */

/* Begin PBXNativeTarget section */
		ED4DF3C92ADDAD630060908C /* data_collector */ = {
			isa = PBXNativeTarget;
			buildConfigurationList = ED4DF3EE2ADDAD670060908C /* Build configuration list for PBXNativeTarget "data_collector" */;
			buildPhases = (
				ED4DF3C62ADDAD630060908C /* Sources */,
				ED4DF3C72ADDAD630060908C /* Frameworks */,
				ED4DF3C82ADDAD630060908C /* Resources */,
			);
			buildRules = (
			);
			dependencies = (
			);
			name = data_collector;
			productName = data_collector;
			productReference = ED4DF3CA2ADDAD630060908C /* data_collector.app */;
			productType = "com.apple.product-type.application";
		};
		ED4DF3D92ADDAD660060908C /* data_collectorTests */ = {
			isa = PBXNativeTarget;
			buildConfigurationList = ED4DF3F12ADDAD670060908C /* Build configuration list for PBXNativeTarget "data_collectorTests" */;
			buildPhases = (
				ED4DF3D62ADDAD660060908C /* Sources */,
				ED4DF3D72ADDAD660060908C /* Frameworks */,
				ED4DF3D82ADDAD660060908C /* Resources */,
			);
			buildRules = (
			);
			dependencies = (
				ED4DF3DC2ADDAD660060908C /* PBXTargetDependency */,
			);
			name = data_collectorTests;
			productName = data_collectorTests;
			productReference = ED4DF3DA2ADDAD660060908C /* data_collectorTests.xctest */;
			productType = "com.apple.product-type.bundle.unit-test";
		};
		ED4DF3E32ADDAD670060908C /* data_collectorUITests */ = {
			isa = PBXNativeTarget;
			buildConfigurationList = ED4DF3F42ADDAD670060908C /* Build configuration list for PBXNativeTarget "data_collectorUITests" */;
			buildPhases = (
				ED4DF3E02ADDAD670060908C /* Sources */,
				ED4DF3E12ADDAD670060908C /* Frameworks */,
				ED4DF3E22ADDAD670060908C /* Resources */,
			);
			buildRules = (
			);
			dependencies = (
				ED4DF3E62ADDAD670060908C /* PBXTargetDependency */,
			);
			name = data_collectorUITests;
			productName = data_collectorUITests;
			productReference = ED4DF3E42ADDAD670060908C /* data_collectorUITests.xctest */;
			productType = "com.apple.product-type.bundle.ui-testing";
		};
/* End PBXNativeTarget section */

/* Begin PBXProject section */
		ED4DF3C22ADDAD630060908C /* Project object */ = {
			isa = PBXProject;
			attributes = {
				BuildIndependentTargetsInParallel = 1;
				LastSwiftUpdateCheck = 1500;
				LastUpgradeCheck = 1500;
				TargetAttributes = {
					ED4DF3C92ADDAD630060908C = {
						CreatedOnToolsVersion = 15.0;
					};
					ED4DF3D92ADDAD660060908C = {
						CreatedOnToolsVersion = 15.0;
						TestTargetID = ED4DF3C92ADDAD630060908C;
					};
					ED4DF3E32ADDAD670060908C = {
						CreatedOnToolsVersion = 15.0;
						TestTargetID = ED4DF3C92ADDAD630060908C;
					};
				};
			};
			buildConfigurationList = ED4DF3C52ADDAD630060908C /* Build configuration list for PBXProject "data_collector" */;
			compatibilityVersion = "Xcode 14.0";
			developmentRegion = en;
			hasScannedForEncodings = 0;
			knownRegions = (
				en,
				Base,
			);
			mainGroup = ED4DF3C12ADDAD630060908C;
			productRefGroup = ED4DF3CB2ADDAD630060908C /* Products */;
			projectDirPath = "";
			projectRoot = "";
			targets = (
				ED4DF3C92ADDAD630060908C /* data_collector */,
				ED4DF3D92ADDAD660060908C /* data_collectorTests */,
				ED4DF3E32ADDAD670060908C /* data_collectorUITests */,
			);
		};
/* End PBXProject section */

/* Begin PBXResourcesBuildPhase section */
		ED4DF3C82ADDAD630060908C /* Resources */ = {
			isa = PBXResourcesBuildPhase;
			buildActionMask = 2147483647;
			files = (
				ED4DF3D52ADDAD660060908C /* Preview Assets.xcassets in Resources */,
				ED4DF3D22ADDAD660060908C /* Assets.xcassets in Resources */,
			);
			runOnlyForDeploymentPostprocessing = 0;
		};
		ED4DF3D82ADDAD660060908C /* Resources */ = {
			isa = PBXResourcesBuildPhase;
			buildActionMask = 2147483647;
			files = (
			);
			runOnlyForDeploymentPostprocessing = 0;
		};
		ED4DF3E22ADDAD670060908C /* Resources */ = {
			isa = PBXResourcesBuildPhase;
			buildActionMask = 2147483647;
			files = (
			);
			runOnlyForDeploymentPostprocessing = 0;
		};
/* End PBXResourcesBuildPhase section */

/* Begin PBXSourcesBuildPhase section */
		ED4DF3C62ADDAD630060908C /* Sources */ = {
			isa = PBXSourcesBuildPhase;
			buildActionMask = 2147483647;
			files = (
				ED4DF3D02ADDAD630060908C /* ContentView.swift in Sources */,
				ED4DF3CE2ADDAD630060908C /* data_collectorApp.swift in Sources */,
				ED4DF3F82ADDB0E70060908C /* LocationManager.swift in Sources */,
			);
			runOnlyForDeploymentPostprocessing = 0;
		};
		ED4DF3D62ADDAD660060908C /* Sources */ = {
			isa = PBXSourcesBuildPhase;
			buildActionMask = 2147483647;
			files = (
				ED4DF3DF2ADDAD660060908C /* data_collectorTests.swift in Sources */,
			);
			runOnlyForDeploymentPostprocessing = 0;
		};
		ED4DF3E02ADDAD670060908C /* Sources */ = {
			isa = PBXSourcesBuildPhase;
			buildActionMask = 2147483647;
			files = (
				ED4DF3EB2ADDAD670060908C /* data_collectorUITestsLaunchTests.swift in Sources */,
				ED4DF3E92ADDAD670060908C /* data_collectorUITests.swift in Sources */,
			);
			runOnlyForDeploymentPostprocessing = 0;
		};
/* End PBXSourcesBuildPhase section */

/* Begin PBXTargetDependency section */
		ED4DF3DC2ADDAD660060908C /* PBXTargetDependency */ = {
			isa = PBXTargetDependency;
			target = ED4DF3C92ADDAD630060908C /* data_collector */;
			targetProxy = ED4DF3DB2ADDAD660060908C /* PBXContainerItemProxy */;
		};
		ED4DF3E62ADDAD670060908C /* PBXTargetDependency */ = {
			isa = PBXTargetDependency;
			target = ED4DF3C92ADDAD630060908C /* data_collector */;
			targetProxy = ED4DF3E52ADDAD670060908C /* PBXContainerItemProxy */;
		};
/* End PBXTargetDependency section */

/* Begin XCBuildConfiguration section */
		ED4DF3EC2ADDAD670060908C /* Debug */ = {
			isa = XCBuildConfiguration;
			buildSettings = {
				ALWAYS_SEARCH_USER_PATHS = NO;
				ASSETCATALOG_COMPILER_GENERATE_SWIFT_ASSET_SYMBOL_EXTENSIONS = YES;
				CLANG_ANALYZER_NONNULL = YES;
				CLANG_ANALYZER_NUMBER_OBJECT_CONVERSION = YES_AGGRESSIVE;
				CLANG_CXX_LANGUAGE_STANDARD = "gnu++20";
				CLANG_ENABLE_MODULES = YES;
				CLANG_ENABLE_OBJC_ARC = YES;
				CLANG_ENABLE_OBJC_WEAK = YES;
				CLANG_WARN_BLOCK_CAPTURE_AUTORELEASING = YES;
				CLANG_WARN_BOOL_CONVERSION = YES;
				CLANG_WARN_COMMA = YES;
				CLANG_WARN_CONSTANT_CONVERSION = YES;
				CLANG_WARN_DEPRECATED_OBJC_IMPLEMENTATIONS = YES;
				CLANG_WARN_DIRECT_OBJC_ISA_USAGE = YES_ERROR;
				CLANG_WARN_DOCUMENTATION_COMMENTS = YES;
				CLANG_WARN_EMPTY_BODY = YES;
				CLANG_WARN_ENUM_CONVERSION = YES;
				CLANG_WARN_INFINITE_RECURSION = YES;
				CLANG_WARN_INT_CONVERSION = YES;
				CLANG_WARN_NON_LITERAL_NULL_CONVERSION = YES;
				CLANG_WARN_OBJC_IMPLICIT_RETAIN_SELF = YES;
				CLANG_WARN_OBJC_LITERAL_CONVERSION = YES;
				CLANG_WARN_OBJC_ROOT_CLASS = YES_ERROR;
				CLANG_WARN_QUOTED_INCLUDE_IN_FRAMEWORK_HEADER = YES;
				CLANG_WARN_RANGE_LOOP_ANALYSIS = YES;
				CLANG_WARN_STRICT_PROTOTYPES = YES;
				CLANG_WARN_SUSPICIOUS_MOVE = YES;
				CLANG_WARN_UNGUARDED_AVAILABILITY = YES_AGGRESSIVE;
				CLANG_WARN_UNREACHABLE_CODE = YES;
				CLANG_WARN__DUPLICATE_METHOD_MATCH = YES;
				COPY_PHASE_STRIP = NO;
				DEBUG_INFORMATION_FORMAT = dwarf;
				ENABLE_STRICT_OBJC_MSGSEND = YES;
				ENABLE_TESTABILITY = YES;
				ENABLE_USER_SCRIPT_SANDBOXING = YES;
				GCC_C_LANGUAGE_STANDARD = gnu17;
				GCC_DYNAMIC_NO_PIC = NO;
				GCC_NO_COMMON_BLOCKS = YES;
				GCC_OPTIMIZATION_LEVEL = 0;
				GCC_PREPROCESSOR_DEFINITIONS = (
					"DEBUG=1",
					"$(inherited)",
				);
				GCC_WARN_64_TO_32_BIT_CONVERSION = YES;
				GCC_WARN_ABOUT_RETURN_TYPE = YES_ERROR;
				GCC_WARN_UNDECLARED_SELECTOR = YES;
				GCC_WARN_UNINITIALIZED_AUTOS = YES_AGGRESSIVE;
				GCC_WARN_UNUSED_FUNCTION = YES;
				GCC_WARN_UNUSED_VARIABLE = YES;
				IPHONEOS_DEPLOYMENT_TARGET = 17.0;
				LOCALIZATION_PREFERS_STRING_CATALOGS = YES;
				MTL_ENABLE_DEBUG_INFO = INCLUDE_SOURCE;
				MTL_FAST_MATH = YES;
				ONLY_ACTIVE_ARCH = YES;
				SDKROOT = iphoneos;
				SWIFT_ACTIVE_COMPILATION_CONDITIONS = "DEBUG $(inherited)";
				SWIFT_OPTIMIZATION_LEVEL = "-Onone";
			};
			name = Debug;
		};
		ED4DF3ED2ADDAD670060908C /* Release */ = {
			isa = XCBuildConfiguration;
			buildSettings = {
				ALWAYS_SEARCH_USER_PATHS = NO;
				ASSETCATALOG_COMPILER_GENERATE_SWIFT_ASSET_SYMBOL_EXTENSIONS = YES;
				CLANG_ANALYZER_NONNULL = YES;
				CLANG_ANALYZER_NUMBER_OBJECT_CONVERSION = YES_AGGRESSIVE;
				CLANG_CXX_LANGUAGE_STANDARD = "gnu++20";
				CLANG_ENABLE_MODULES = YES;
				CLANG_ENABLE_OBJC_ARC = YES;
				CLANG_ENABLE_OBJC_WEAK = YES;
				CLANG_WARN_BLOCK_CAPTURE_AUTORELEASING = YES;
				CLANG_WARN_BOOL_CONVERSION = YES;
				CLANG_WARN_COMMA = YES;
				CLANG_WARN_CONSTANT_CONVERSION = YES;
				CLANG_WARN_DEPRECATED_OBJC_IMPLEMENTATIONS = YES;
				CLANG_WARN_DIRECT_OBJC_ISA_USAGE = YES_ERROR;
				CLANG_WARN_DOCUMENTATION_COMMENTS = YES;
				CLANG_WARN_EMPTY_BODY = YES;
				CLANG_WARN_ENUM_CONVERSION = YES;
				CLANG_WARN_INFINITE_RECURSION = YES;
				CLANG_WARN_INT_CONVERSION = YES;
				CLANG_WARN_NON_LITERAL_NULL_CONVERSION = YES;
				CLANG_WARN_OBJC_IMPLICIT_RETAIN_SELF = YES;
				CLANG_WARN_OBJC_LITERAL_CONVERSION = YES;
				CLANG_WARN_OBJC_ROOT_CLASS = YES_ERROR;
				CLANG_WARN_QUOTED_INCLUDE_IN_FRAMEWORK_HEADER = YES;
				CLANG_WARN_RANGE_LOOP_ANALYSIS = YES;
				CLANG_WARN_STRICT_PROTOTYPES = YES;
				CLANG_WARN_SUSPICIOUS_MOVE = YES;
				CLANG_WARN_UNGUARDED_AVAILABILITY = YES_AGGRESSIVE;
				CLANG_WARN_UNREACHABLE_CODE = YES;
				CLANG_WARN__DUPLICATE_METHOD_MATCH = YES;
				COPY_PHASE_STRIP = NO;
				DEBUG_INFORMATION_FORMAT = "dwarf-with-dsym";
				ENABLE_NS_ASSERTIONS = NO;
				ENABLE_STRICT_OBJC_MSGSEND = YES;
				ENABLE_USER_SCRIPT_SANDBOXING = YES;
				GCC_C_LANGUAGE_STANDARD = gnu17;
				GCC_NO_COMMON_BLOCKS = YES;
				GCC_WARN_64_TO_32_BIT_CONVERSION = YES;
				GCC_WARN_ABOUT_RETURN_TYPE = YES_ERROR;
				GCC_WARN_UNDECLARED_SELECTOR = YES;
				GCC_WARN_UNINITIALIZED_AUTOS = YES_AGGRESSIVE;
				GCC_WARN_UNUSED_FUNCTION = YES;
				GCC_WARN_UNUSED_VARIABLE = YES;
				IPHONEOS_DEPLOYMENT_TARGET = 17.0;
				LOCALIZATION_PREFERS_STRING_CATALOGS = YES;
				MTL_ENABLE_DEBUG_INFO = NO;
				MTL_FAST_MATH = YES;
				SDKROOT = iphoneos;
				SWIFT_COMPILATION_MODE = wholemodule;
				VALIDATE_PRODUCT = YES;
			};
			name = Release;
		};
		ED4DF3EF2ADDAD670060908C /* Debug */ = {
			isa = XCBuildConfiguration;
			buildSettings = {
				ASSETCATALOG_COMPILER_APPICON_NAME = AppIcon;
				ASSETCATALOG_COMPILER_GLOBAL_ACCENT_COLOR_NAME = AccentColor;
				CODE_SIGN_STYLE = Automatic;
				CURRENT_PROJECT_VERSION = 1;
				DEVELOPMENT_ASSET_PATHS = "\"data_collector/Preview Content\"";
				DEVELOPMENT_TEAM = AX394X25PC;
				ENABLE_PREVIEWS = YES;
				GENERATE_INFOPLIST_FILE = YES;
				INFOPLIST_KEY_CFBundleDisplayName = "WITH YOU";
				INFOPLIST_KEY_NSLocationAlwaysAndWhenInUseUsageDescription = "Please allow permissiion for location";
				INFOPLIST_KEY_UIApplicationSceneManifest_Generation = YES;
				INFOPLIST_KEY_UIApplicationSupportsIndirectInputEvents = YES;
				INFOPLIST_KEY_UILaunchScreen_Generation = YES;
				INFOPLIST_KEY_UISupportedInterfaceOrientations_iPad = "UIInterfaceOrientationLandscapeLeft UIInterfaceOrientationLandscapeRight UIInterfaceOrientationPortrait UIInterfaceOrientationPortraitUpsideDown";
				LD_RUNPATH_SEARCH_PATHS = (
					"$(inherited)",
					"@executable_path/Frameworks",
				);
				MARKETING_VERSION = 1.0;
				PRODUCT_BUNDLE_IDENTIFIER = "com.NamanArora.sample.data-collector";
				PRODUCT_NAME = "$(TARGET_NAME)";
				SUPPORTED_PLATFORMS = "iphoneos iphonesimulator";
				SUPPORTS_MACCATALYST = NO;
				SWIFT_EMIT_LOC_STRINGS = YES;
				SWIFT_VERSION = 5.0;
				TARGETED_DEVICE_FAMILY = 1;
			};
			name = Debug;
		};
		ED4DF3F02ADDAD670060908C /* Release */ = {
			isa = XCBuildConfiguration;
			buildSettings = {
				ASSETCATALOG_COMPILER_APPICON_NAME = AppIcon;
				ASSETCATALOG_COMPILER_GLOBAL_ACCENT_COLOR_NAME = AccentColor;
				CODE_SIGN_STYLE = Automatic;
				CURRENT_PROJECT_VERSION = 1;
				DEVELOPMENT_ASSET_PATHS = "\"data_collector/Preview Content\"";
				DEVELOPMENT_TEAM = AX394X25PC;
				ENABLE_PREVIEWS = YES;
				GENERATE_INFOPLIST_FILE = YES;
				INFOPLIST_KEY_CFBundleDisplayName = "WITH YOU";
				INFOPLIST_KEY_NSLocationAlwaysAndWhenInUseUsageDescription = "Please allow permissiion for location";
				INFOPLIST_KEY_UIApplicationSceneManifest_Generation = YES;
				INFOPLIST_KEY_UIApplicationSupportsIndirectInputEvents = YES;
				INFOPLIST_KEY_UILaunchScreen_Generation = YES;
				INFOPLIST_KEY_UISupportedInterfaceOrientations_iPad = "UIInterfaceOrientationLandscapeLeft UIInterfaceOrientationLandscapeRight UIInterfaceOrientationPortrait UIInterfaceOrientationPortraitUpsideDown";
				LD_RUNPATH_SEARCH_PATHS = (
					"$(inherited)",
					"@executable_path/Frameworks",
				);
				MARKETING_VERSION = 1.0;
				PRODUCT_BUNDLE_IDENTIFIER = "com.NamanArora.sample.data-collector";
				PRODUCT_NAME = "$(TARGET_NAME)";
				SUPPORTED_PLATFORMS = "iphoneos iphonesimulator";
				SUPPORTS_MACCATALYST = NO;
				SWIFT_EMIT_LOC_STRINGS = YES;
				SWIFT_VERSION = 5.0;
				TARGETED_DEVICE_FAMILY = 1;
			};
			name = Release;
		};
		ED4DF3F22ADDAD670060908C /* Debug */ = {
			isa = XCBuildConfiguration;
			buildSettings = {
				ALWAYS_EMBED_SWIFT_STANDARD_LIBRARIES = YES;
				BUNDLE_LOADER = "$(TEST_HOST)";
				CODE_SIGN_STYLE = Automatic;
				CURRENT_PROJECT_VERSION = 1;
				DEVELOPMENT_TEAM = AX394X25PC;
				GENERATE_INFOPLIST_FILE = YES;
				IPHONEOS_DEPLOYMENT_TARGET = 17.0;
				MARKETING_VERSION = 1.0;
				PRODUCT_BUNDLE_IDENTIFIER = "com.NamanArora.sample.data-collectorTests";
				PRODUCT_NAME = "$(TARGET_NAME)";
				SWIFT_EMIT_LOC_STRINGS = NO;
				SWIFT_VERSION = 5.0;
				TARGETED_DEVICE_FAMILY = "1,2";
				TEST_HOST = "$(BUILT_PRODUCTS_DIR)/data_collector.app/$(BUNDLE_EXECUTABLE_FOLDER_PATH)/data_collector";
			};
			name = Debug;
		};
		ED4DF3F32ADDAD670060908C /* Release */ = {
			isa = XCBuildConfiguration;
			buildSettings = {
				ALWAYS_EMBED_SWIFT_STANDARD_LIBRARIES = YES;
				BUNDLE_LOADER = "$(TEST_HOST)";
				CODE_SIGN_STYLE = Automatic;
				CURRENT_PROJECT_VERSION = 1;
				DEVELOPMENT_TEAM = AX394X25PC;
				GENERATE_INFOPLIST_FILE = YES;
				IPHONEOS_DEPLOYMENT_TARGET = 17.0;
				MARKETING_VERSION = 1.0;
				PRODUCT_BUNDLE_IDENTIFIER = "com.NamanArora.sample.data-collectorTests";
				PRODUCT_NAME = "$(TARGET_NAME)";
				SWIFT_EMIT_LOC_STRINGS = NO;
				SWIFT_VERSION = 5.0;
				TARGETED_DEVICE_FAMILY = "1,2";
				TEST_HOST = "$(BUILT_PRODUCTS_DIR)/data_collector.app/$(BUNDLE_EXECUTABLE_FOLDER_PATH)/data_collector";
			};
			name = Release;
		};
		ED4DF3F52ADDAD670060908C /* Debug */ = {
			isa = XCBuildConfiguration;
			buildSettings = {
				ALWAYS_EMBED_SWIFT_STANDARD_LIBRARIES = YES;
				CODE_SIGN_STYLE = Automatic;
				CURRENT_PROJECT_VERSION = 1;
				DEVELOPMENT_TEAM = AX394X25PC;
				GENERATE_INFOPLIST_FILE = YES;
				MARKETING_VERSION = 1.0;
				PRODUCT_BUNDLE_IDENTIFIER = "com.NamanArora.sample.data-collectorUITests";
				PRODUCT_NAME = "$(TARGET_NAME)";
				SWIFT_EMIT_LOC_STRINGS = NO;
				SWIFT_VERSION = 5.0;
				TARGETED_DEVICE_FAMILY = "1,2";
				TEST_TARGET_NAME = data_collector;
			};
			name = Debug;
		};
		ED4DF3F62ADDAD670060908C /* Release */ = {
			isa = XCBuildConfiguration;
			buildSettings = {
				ALWAYS_EMBED_SWIFT_STANDARD_LIBRARIES = YES;
				CODE_SIGN_STYLE = Automatic;
				CURRENT_PROJECT_VERSION = 1;
				DEVELOPMENT_TEAM = AX394X25PC;
				GENERATE_INFOPLIST_FILE = YES;
				MARKETING_VERSION = 1.0;
				PRODUCT_BUNDLE_IDENTIFIER = "com.NamanArora.sample.data-collectorUITests";
				PRODUCT_NAME = "$(TARGET_NAME)";
				SWIFT_EMIT_LOC_STRINGS = NO;
				SWIFT_VERSION = 5.0;
				TARGETED_DEVICE_FAMILY = "1,2";
				TEST_TARGET_NAME = data_collector;
			};
			name = Release;
		};
/* End XCBuildConfiguration section */

/* Begin XCConfigurationList section */
		ED4DF3C52ADDAD630060908C /* Build configuration list for PBXProject "data_collector" */ = {
			isa = XCConfigurationList;
			buildConfigurations = (
				ED4DF3EC2ADDAD670060908C /* Debug */,
				ED4DF3ED2ADDAD670060908C /* Release */,
			);
			defaultConfigurationIsVisible = 0;
			defaultConfigurationName = Release;
		};
		ED4DF3EE2ADDAD670060908C /* Build configuration list for PBXNativeTarget "data_collector" */ = {
			isa = XCConfigurationList;
			buildConfigurations = (
				ED4DF3EF2ADDAD670060908C /* Debug */,
				ED4DF3F02ADDAD670060908C /* Release */,
			);
			defaultConfigurationIsVisible = 0;
			defaultConfigurationName = Release;
		};
		ED4DF3F12ADDAD670060908C /* Build configuration list for PBXNativeTarget "data_collectorTests" */ = {
			isa = XCConfigurationList;
			buildConfigurations = (
				ED4DF3F22ADDAD670060908C /* Debug */,
				ED4DF3F32ADDAD670060908C /* Release */,
			);
			defaultConfigurationIsVisible = 0;
			defaultConfigurationName = Release;
		};
		ED4DF3F42ADDAD670060908C /* Build configuration list for PBXNativeTarget "data_collectorUITests" */ = {
			isa = XCConfigurationList;
			buildConfigurations = (
				ED4DF3F52ADDAD670060908C /* Debug */,
				ED4DF3F62ADDAD670060908C /* Release */,
			);
			defaultConfigurationIsVisible = 0;
			defaultConfigurationName = Release;
		};
/* End XCConfigurationList section */
	};
	rootObject = ED4DF3C22ADDAD630060908C /* Project object */;
}
